<?xml version="1.0" encoding="utf-8"?>
<Project ToolsVersion="4.0" xmlns="http://schemas.microsoft.com/developer/msbuild/2003">
  <ItemGroup>
    <Filter Include="Quelldateien">
      <UniqueIdentifier>{4FC737F1-C7A5-4376-A066-2A32D752A2FF}</UniqueIdentifier>
      <Extensions>cpp;c;cc;cxx;c++;cppm;ixx;def;odl;idl;hpj;bat;asm;asmx</Extensions>
    </Filter>
    <Filter Include="Headerdateien">
      <UniqueIdentifier>{93995380-89BD-4b04-88EB-625FBE52EBFB}</UniqueIdentifier>
      <Extensions>h;hh;hpp;hxx;h++;hm;inl;inc;ipp;xsd</Extensions>
    </Filter>
    <Filter Include="Ressourcendateien">
      <UniqueIdentifier>{67DA6AB6-F800-4c08-8B7A-83BB121AAD01}</UniqueIdentifier>
      <Extensions>rc;ico;cur;bmp;dlg;rc2;rct;bin;rgs;gif;jpg;jpeg;jpe;resx;tiff;tif;png;wav;mfcribbon-ms</Extensions>
    </Filter>
  </ItemGroup>
  <ItemGroup>
    <ClCompile Include="Game\main.cpp">
      <Filter>Quelldateien</Filter>
    </ClCompile>
    <ClCompile Include="DX3D\Source\Dx3D\Core\Base.cpp">
      <Filter>Quelldateien</Filter>
    </ClCompile>
    <ClCompile Include="DX3D\Source\Dx3D\Window\Win32\Win32Window.cpp">
      <Filter>Quelldateien</Filter>
    </ClCompile>
    <ClCompile Include="DX3D\Source\Dx3D\Game\Game.cpp">
      <Filter>Quelldateien</Filter>
    </ClCompile>
    <ClCompile Include="DX3D\Source\Dx3D\Game\Win32\Win32Game.cpp">
      <Filter>Quelldateien</Filter>
    </ClCompile>
    <ClCompile Include="DX3D\Source\Dx3D\Graphics\GraphicsEngine.cpp">
      <Filter>Quelldateien</Filter>
    </ClCompile>
    <ClCompile Include="DX3D\Source\Dx3D\Graphics\GraphicsDevice.cpp">
      <Filter>Quelldateien</Filter>
    </ClCompile>
    <ClCompile Include="DX3D\Source\Dx3D\Core\Logger.cpp">
      <Filter>Quelldateien</Filter>
    </ClCompile>
    <ClCompile Include="DX3D\Source\Dx3D\Graphics\SwapChain.cpp">
      <Filter>Quelldateien</Filter>
    </ClCompile>
    <ClCompile Include="DX3D\Source\Dx3D\Game\Display.cpp">
      <Filter>Quelldateien</Filter>
    </ClCompile>
    <ClCompile Include="DX3D\Source\Dx3D\Graphics\DeviceContext.cpp">
      <Filter>Quelldateien</Filter>
    </ClCompile>
    <ClCompile Include="DX3D\Source\Dx3D\Graphics\ShaderBinary.cpp">
      <Filter>Quelldateien</Filter>
    </ClCompile>
    <ClCompile Include="DX3D\Source\Dx3D\Graphics\GraphicsPipelineState.cpp">
      <Filter>Quelldateien</Filter>
    </ClCompile>
  </ItemGroup>
  <ItemGroup>
    <ClInclude Include="DX3D\Include\DX3D\Core\Base.h">
      <Filter>Headerdateien</Filter>
    </ClInclude>
    <ClInclude Include="DX3D\Include\DX3D\Window\Window.h">
      <Filter>Headerdateien</Filter>
    </ClInclude>
    <ClInclude Include="DX3D\Include\DX3D\Game\Game.h">
      <Filter>Headerdateien</Filter>
    </ClInclude>
    <ClInclude Include="DX3D\Include\DX3D\Core\Core.h">
      <Filter>Headerdateien</Filter>
    </ClInclude>
    <ClInclude Include="DX3D\Include\DX3D\All.h">
      <Filter>Headerdateien</Filter>
    </ClInclude>
    <ClInclude Include="DX3D\Source\Dx3D\Graphics\GraphicsEngine.h">
      <Filter>Headerdateien</Filter>
    </ClInclude>
    <ClInclude Include="DX3D\Source\Dx3D\Graphics\GraphicsDevice.h">
      <Filter>Headerdateien</Filter>
    </ClInclude>
    <ClInclude Include="DX3D\Include\DX3D\Core\Logger.h">
      <Filter>Headerdateien</Filter>
    </ClInclude>
    <ClInclude Include="DX3D\Include\DX3D\Core\Common.h">
      <Filter>Headerdateien</Filter>
    </ClInclude>
    <ClInclude Include="DX3D\Source\Dx3D\Graphics\GraphicsLogUtils.h">
      <Filter>Headerdateien</Filter>
    </ClInclude>
    <ClInclude Include="DX3D\Source\Dx3D\Graphics\SwapChain.h">
      <Filter>Headerdateien</Filter>
    </ClInclude>
    <ClInclude Include="DX3D\Source\Dx3D\Graphics\GraphicsResource.h">
      <Filter>Headerdateien</Filter>
    </ClInclude>
    <ClInclude Include="DX3D\Include\DX3D\Math\Rect.h">
      <Filter>Headerdateien</Filter>
    </ClInclude>
    <ClInclude Include="DX3D\Include\DX3D\Game\Display.h">
      <Filter>Headerdateien</Filter>
    </ClInclude>
    <ClInclude Include="DX3D\Source\Dx3D\Graphics\DeviceContext.h">
      <Filter>Headerdateien</Filter>
    </ClInclude>
    <ClInclude Include="DX3D\Include\DX3D\Math\Vec4.h">
      <Filter>Headerdateien</Filter>
    </ClInclude>
    <ClInclude Include="DX3D\Source\Dx3D\Graphics\ShaderBinary.h">
      <Filter>Headerdateien</Filter>
    </ClInclude>
    <ClInclude Include="DX3D\Source\Dx3D\Graphics\GraphicsUtils.h">
      <Filter>Headerdateien</Filter>
    </ClInclude>
    <ClInclude Include="DX3D\Source\Dx3D\Graphics\GraphicsPipelineState.h">
      <Filter>Headerdateien</Filter>
    </ClInclude>
  </ItemGroup>
  <ItemGroup>
    <None Include="README.md" />
  </ItemGroup>
</Project>